
Microsoft Visual Studio Solution File, Format Version 12.00
# Visual Studio Version 17
VisualStudioVersion = 17.10.34928.147
MinimumVisualStudioVersion = 10.0.40219.1
Project("{FAE04EC0-301F-11D3-BF4B-00C04F79EFBC}") = "MindboxVacancy", "MindboxVacancy\MindboxVacancy.csproj", "{7A61D32E-3FB4-4286-A4BE-629B08051C43}"
EndProject
Global
	GlobalSection(SolutionConfigurationPlatforms) = preSolution
		Debug|Any CPU = Debug|Any CPU
		Release|Any CPU = Release|Any CPU
	EndGlobalSection
	GlobalSection(ProjectConfigurationPlatforms) = postSolution
		{7A61D32E-3FB4-4286-A4BE-629B08051C43}.Debug|Any CPU.ActiveCfg = Debug|Any CPU
		{7A61D32E-3FB4-4286-A4BE-629B08051C43}.Debug|Any CPU.Build.0 = Debug|Any CPU
		{7A61D32E-3FB4-4286-A4BE-629B08051C43}.Release|Any CPU.ActiveCfg = Release|Any CPU
		{7A61D32E-3FB4-4286-A4BE-629B08051C43}.Release|Any CPU.Build.0 = Release|Any CPU
	EndGlobalSection
	GlobalSection(SolutionProperties) = preSolution
		HideSolutionNode = FALSE
	EndGlobalSection
	GlobalSection(ExtensibilityGlobals) = postSolution
		SolutionGuid = {60F45FD1-ACA1-45C8-A803-FE54FF47D403}
	EndGlobalSection
EndGlobal
